{
    "_readme": [
        "This file locks the dependencies of your project to a known state",
        "Read more about it at https://getcomposer.org/doc/01-basic-usage.md#installing-dependencies",
        "This file is @generated automatically"
    ],
    "content-hash": "e82aa8ed908a013bace1260178a2b408",
    "packages": [
        {
            "name": "jadu/twig-array-extension",
            "version": "1.0.0",
            "source": {
                "type": "git",
                "url": "https://github.com/jadu/twig-array-extension.git",
                "reference": "b1899e5227371310de9a0d6706d7f11c6796501d"
            },
            "dist": {
                "type": "zip",
                "url": "https://api.github.com/repos/jadu/twig-array-extension/zipball/b1899e5227371310de9a0d6706d7f11c6796501d",
                "reference": "b1899e5227371310de9a0d6706d7f11c6796501d",
                "shasum": ""
            },
            "require": {
                "twig/twig": "^2.0"
            },
            "type": "library",
            "autoload": {
                "psr-0": {
                    "Jadu\\Pulsar": "src"
                }
            },
            "notification-url": "https://packagist.org/downloads/",
            "license": [
                "MIT"
            ],
            "description": "Provides Twig extensions to retrive or exclude specific keys/value pairs from an array",
            "support": {
                "issues": "https://github.com/jadu/twig-array-extension/issues",
                "source": "https://github.com/jadu/twig-array-extension/tree/1.0.0"
            },
            "time": "2023-09-19T09:11:40+00:00"
        },
        {
            "name": "jadu/twig-attribute-parser",
            "version": "1.0.0",
            "source": {
                "type": "git",
                "url": "https://github.com/jadu/twig-attribute-parser.git",
                "reference": "e0b4b7a237eaa0793854b07bcb1d415570a9525c"
            },
            "dist": {
                "type": "zip",
                "url": "https://api.github.com/repos/jadu/twig-attribute-parser/zipball/e0b4b7a237eaa0793854b07bcb1d415570a9525c",
                "reference": "e0b4b7a237eaa0793854b07bcb1d415570a9525c",
                "shasum": ""
            },
            "require": {
                "jadu/twig-array-extension": "^1.0",
                "twig/twig": "^2.0"
            },
            "type": "library",
            "autoload": {
                "psr-0": {
                    "Jadu\\Pulsar": "src"
                }
            },
            "notification-url": "https://packagist.org/downloads/",
            "license": [
                "MIT"
            ],
            "description": "Takes an array of attributes to be converted into HTML formatted attributes ready for use in an HTML element.",
            "support": {
                "issues": "https://github.com/jadu/twig-attribute-parser/issues",
                "source": "https://github.com/jadu/twig-attribute-parser/tree/1.0.0"
            },
            "time": "2023-09-19T09:14:57+00:00"
        },
        {
            "name": "jadu/twig-helper-options-modifier",
            "version": "1.0.0",
            "source": {
                "type": "git",
                "url": "https://github.com/jadu/twig-helper-options-modifier.git",
                "reference": "030ebdd1c9aa59dfb6adf1b622bcde7fb202299c"
            },
            "dist": {
                "type": "zip",
                "url": "https://api.github.com/repos/jadu/twig-helper-options-modifier/zipball/030ebdd1c9aa59dfb6adf1b622bcde7fb202299c",
                "reference": "030ebdd1c9aa59dfb6adf1b622bcde7fb202299c",
                "shasum": ""
            },
            "require": {
                "twig/twig": "^2.0"
            },
            "type": "library",
            "autoload": {
                "psr-0": {
                    "Jadu\\Pulsar": "src"
                }
            },
            "notification-url": "https://packagist.org/downloads/",
            "license": [
                "MIT"
            ],
            "description": "An internal method for Pulsar’s form helpers which checks for the presence of errors or help text and creates GUIDs to be targeted by aria attributes",
            "support": {
                "issues": "https://github.com/jadu/twig-helper-options-modifier/issues",
                "source": "https://github.com/jadu/twig-helper-options-modifier/tree/1.0.0"
            },
            "time": "2023-10-24T10:07:03+00:00"
        },
        {
            "name": "symfony/polyfill-ctype",
            "version": "v1.28.0",
            "source": {
                "type": "git",
                "url": "https://github.com/symfony/polyfill-ctype.git",
                "reference": "ea208ce43cbb04af6867b4fdddb1bdbf84cc28cb"
            },
            "dist": {
                "type": "zip",
                "url": "https://api.github.com/repos/symfony/polyfill-ctype/zipball/ea208ce43cbb04af6867b4fdddb1bdbf84cc28cb",
                "reference": "ea208ce43cbb04af6867b4fdddb1bdbf84cc28cb",
                "shasum": ""
            },
            "require": {
                "php": ">=7.1"
            },
            "provide": {
                "ext-ctype": "*"
            },
            "suggest": {
                "ext-ctype": "For best performance"
            },
            "type": "library",
            "extra": {
                "branch-alias": {
                    "dev-main": "1.28-dev"
                },
                "thanks": {
                    "name": "symfony/polyfill",
                    "url": "https://github.com/symfony/polyfill"
                }
            },
            "autoload": {
                "files": [
                    "bootstrap.php"
                ],
                "psr-4": {
                    "Symfony\\Polyfill\\Ctype\\": ""
                }
            },
            "notification-url": "https://packagist.org/downloads/",
            "license": [
                "MIT"
            ],
            "authors": [
                {
                    "name": "Gert de Pagter",
                    "email": "BackEndTea@gmail.com"
                },
                {
                    "name": "Symfony Community",
                    "homepage": "https://symfony.com/contributors"
                }
            ],
            "description": "Symfony polyfill for ctype functions",
            "homepage": "https://symfony.com",
            "keywords": [
                "compatibility",
                "ctype",
                "polyfill",
                "portable"
            ],
            "support": {
                "source": "https://github.com/symfony/polyfill-ctype/tree/v1.28.0"
            },
            "funding": [
                {
                    "url": "https://symfony.com/sponsor",
                    "type": "custom"
                },
                {
                    "url": "https://github.com/fabpot",
                    "type": "github"
                },
                {
                    "url": "https://tidelift.com/funding/github/packagist/symfony/symfony",
                    "type": "tidelift"
                }
            ],
            "time": "2023-01-26T09:26:14+00:00"
        },
        {
            "name": "symfony/polyfill-mbstring",
            "version": "v1.28.0",
            "source": {
                "type": "git",
                "url": "https://github.com/symfony/polyfill-mbstring.git",
                "reference": "42292d99c55abe617799667f454222c54c60e229"
            },
            "dist": {
                "type": "zip",
                "url": "https://api.github.com/repos/symfony/polyfill-mbstring/zipball/42292d99c55abe617799667f454222c54c60e229",
                "reference": "42292d99c55abe617799667f454222c54c60e229",
                "shasum": ""
            },
            "require": {
                "php": ">=7.1"
            },
            "provide": {
                "ext-mbstring": "*"
            },
            "suggest": {
                "ext-mbstring": "For best performance"
            },
            "type": "library",
            "extra": {
                "branch-alias": {
                    "dev-main": "1.28-dev"
                },
                "thanks": {
                    "name": "symfony/polyfill",
                    "url": "https://github.com/symfony/polyfill"
                }
            },
            "autoload": {
                "files": [
                    "bootstrap.php"
                ],
                "psr-4": {
                    "Symfony\\Polyfill\\Mbstring\\": ""
                }
            },
            "notification-url": "https://packagist.org/downloads/",
            "license": [
                "MIT"
            ],
            "authors": [
                {
                    "name": "Nicolas Grekas",
                    "email": "p@tchwork.com"
                },
                {
                    "name": "Symfony Community",
                    "homepage": "https://symfony.com/contributors"
                }
            ],
            "description": "Symfony polyfill for the Mbstring extension",
            "homepage": "https://symfony.com",
            "keywords": [
                "compatibility",
                "mbstring",
                "polyfill",
                "portable",
                "shim"
            ],
            "support": {
                "source": "https://github.com/symfony/polyfill-mbstring/tree/v1.28.0"
            },
            "funding": [
                {
                    "url": "https://symfony.com/sponsor",
                    "type": "custom"
                },
                {
                    "url": "https://github.com/fabpot",
                    "type": "github"
                },
                {
                    "url": "https://tidelift.com/funding/github/packagist/symfony/symfony",
                    "type": "tidelift"
                }
            ],
            "time": "2023-07-28T09:04:16+00:00"
        },
        {
            "name": "symfony/polyfill-php72",
            "version": "v1.28.0",
            "source": {
                "type": "git",
                "url": "https://github.com/symfony/polyfill-php72.git",
                "reference": "70f4aebd92afca2f865444d30a4d2151c13c3179"
            },
            "dist": {
                "type": "zip",
                "url": "https://api.github.com/repos/symfony/polyfill-php72/zipball/70f4aebd92afca2f865444d30a4d2151c13c3179",
                "reference": "70f4aebd92afca2f865444d30a4d2151c13c3179",
                "shasum": ""
            },
            "require": {
                "php": ">=7.1"
            },
            "type": "library",
            "extra": {
                "branch-alias": {
                    "dev-main": "1.28-dev"
                },
                "thanks": {
                    "name": "symfony/polyfill",
                    "url": "https://github.com/symfony/polyfill"
                }
            },
            "autoload": {
                "files": [
                    "bootstrap.php"
                ],
                "psr-4": {
                    "Symfony\\Polyfill\\Php72\\": ""
                }
            },
            "notification-url": "https://packagist.org/downloads/",
            "license": [
                "MIT"
            ],
            "authors": [
                {
                    "name": "Nicolas Grekas",
                    "email": "p@tchwork.com"
                },
                {
                    "name": "Symfony Community",
                    "homepage": "https://symfony.com/contributors"
                }
            ],
            "description": "Symfony polyfill backporting some PHP 7.2+ features to lower PHP versions",
            "homepage": "https://symfony.com",
            "keywords": [
                "compatibility",
                "polyfill",
                "portable",
                "shim"
            ],
            "support": {
                "source": "https://github.com/symfony/polyfill-php72/tree/v1.28.0"
            },
            "funding": [
                {
                    "url": "https://symfony.com/sponsor",
                    "type": "custom"
                },
                {
                    "url": "https://github.com/fabpot",
                    "type": "github"
                },
                {
                    "url": "https://tidelift.com/funding/github/packagist/symfony/symfony",
                    "type": "tidelift"
                }
            ],
            "time": "2023-01-26T09:26:14+00:00"
        },
        {
            "name": "twig/twig",
            "version": "v2.15.6",
            "source": {
                "type": "git",
                "url": "https://github.com/twigphp/Twig.git",
                "reference": "ad637405a828601a56f32ccab9a85541c4b66c9d"
            },
            "dist": {
                "type": "zip",
                "url": "https://api.github.com/repos/twigphp/Twig/zipball/ad637405a828601a56f32ccab9a85541c4b66c9d",
                "reference": "ad637405a828601a56f32ccab9a85541c4b66c9d",
                "shasum": ""
            },
            "require": {
                "php": ">=7.1.3",
                "symfony/polyfill-ctype": "^1.8",
                "symfony/polyfill-mbstring": "^1.3",
                "symfony/polyfill-php72": "^1.8"
            },
            "require-dev": {
                "psr/container": "^1.0",
                "symfony/phpunit-bridge": "^5.4.9|^6.3"
            },
            "type": "library",
            "extra": {
                "branch-alias": {
                    "dev-master": "2.15-dev"
                }
            },
            "autoload": {
                "psr-0": {
                    "Twig_": "lib/"
                },
                "psr-4": {
                    "Twig\\": "src/"
                }
            },
            "notification-url": "https://packagist.org/downloads/",
            "license": [
                "BSD-3-Clause"
            ],
            "authors": [
                {
                    "name": "Fabien Potencier",
                    "email": "fabien@symfony.com",
                    "homepage": "http://fabien.potencier.org",
                    "role": "Lead Developer"
                },
                {
                    "name": "Twig Team",
                    "role": "Contributors"
                },
                {
                    "name": "Armin Ronacher",
                    "email": "armin.ronacher@active-4.com",
                    "role": "Project Founder"
                }
            ],
            "description": "Twig, the flexible, fast, and secure template language for PHP",
            "homepage": "https://twig.symfony.com",
            "keywords": [
                "templating"
            ],
            "support": {
                "issues": "https://github.com/twigphp/Twig/issues",
                "source": "https://github.com/twigphp/Twig/tree/v2.15.6"
            },
            "funding": [
                {
                    "url": "https://github.com/fabpot",
                    "type": "github"
                },
                {
                    "url": "https://tidelift.com/funding/github/packagist/twig/twig",
                    "type": "tidelift"
                }
            ],
            "time": "2023-11-21T17:34:48+00:00"
        }
    ],
    "packages-dev": [
        {
            "name": "jadu/pulsar",
            "version": "14.0.1",
            "source": {
                "type": "git",
                "url": "https://github.com/jadu/pulsar.git",
                "reference": "72970dccd2f93fa2b1104ff6a66a3113fc02add2"
            },
            "dist": {
                "type": "zip",
                "url": "https://api.github.com/repos/jadu/pulsar/zipball/72970dccd2f93fa2b1104ff6a66a3113fc02add2",
                "reference": "72970dccd2f93fa2b1104ff6a66a3113fc02add2",
                "shasum": ""
            },
            "require": {
                "twig/twig": "^2.0"
            },
            "require-dev": {
                "symfony/yaml": "*"
            },
            "type": "library",
            "autoload": {
                "psr-0": {
                    "Jadu\\Pulsar": "src"
                }
            },
            "notification-url": "https://packagist.org/downloads/",
            "license": [
                "MIT"
            ],
            "description": "The User Experience and Interface framework for the Jadu Continuum Platform",
            "support": {
                "issues": "https://github.com/jadu/pulsar/issues",
                "source": "https://github.com/jadu/pulsar/tree/14.0.1"
            },
            "time": "2023-11-02T11:37:16+00:00"
        }
    ],
    "aliases": [],
    "minimum-stability": "stable",
    "stability-flags": [],
    "prefer-stable": false,
    "prefer-lowest": false,
    "platform": [],
    "platform-dev": [],
    "plugin-api-version": "2.3.0"
}
